// !$*UTF8*$!
{
	archiveVersion = 1;
	classes = {
	};
	objectVersion = 50;
	objects = {

/* Begin PBXBuildFile section */
		041DB510FF4E9EA1D4BBD401 /* Pods_RazorPaymentGateway.framework in Frameworks */ = {isa = PBXBuildFile; fileRef = 30A450C7D2C79D162CF068A1 /* Pods_RazorPaymentGateway.framework */; };
		04713F8724D3315600852758 /* AppDelegate.swift in Sources */ = {isa = PBXBuildFile; fileRef = 04713F8624D3315600852758 /* AppDelegate.swift */; };
		04713F8924D3315600852758 /* SceneDelegate.swift in Sources */ = {isa = PBXBuildFile; fileRef = 04713F8824D3315600852758 /* SceneDelegate.swift */; };
		04713F8B24D3315600852758 /* ViewController.swift in Sources */ = {isa = PBXBuildFile; fileRef = 04713F8A24D3315600852758 /* ViewController.swift */; };
		04713F8E24D3315600852758 /* Main.storyboard in Resources */ = {isa = PBXBuildFile; fileRef = 04713F8C24D3315600852758 /* Main.storyboard */; };
		04713F9024D3315B00852758 /* Assets.xcassets in Resources */ = {isa = PBXBuildFile; fileRef = 04713F8F24D3315B00852758 /* Assets.xcassets */; };
		04713F9324D3315B00852758 /* LaunchScreen.storyboard in Resources */ = {isa = PBXBuildFile; fileRef = 04713F9124D3315B00852758 /* LaunchScreen.storyboard */; };
/* End PBXBuildFile section */

/* Begin PBXFileReference section */
		04713F8324D3315600852758 /* RazorPaymentGateway.app */ = {isa = PBXFileReference; explicitFileType = wrapper.application; includeInIndex = 0; path = RazorPaymentGateway.app; sourceTree = BUILT_PRODUCTS_DIR; };
		04713F8624D3315600852758 /* AppDelegate.swift */ = {isa = PBXFileReference; lastKnownFileType = sourcecode.swift; path = AppDelegate.swift; sourceTree = "<group>"; };
		04713F8824D3315600852758 /* SceneDelegate.swift */ = {isa = PBXFileReference; lastKnownFileType = sourcecode.swift; path = SceneDelegate.swift; sourceTree = "<group>"; };
		04713F8A24D3315600852758 /* ViewController.swift */ = {isa = PBXFileReference; lastKnownFileType = sourcecode.swift; path = ViewController.swift; sourceTree = "<group>"; };
		04713F8D24D3315600852758 /* Base */ = {isa = PBXFileReference; lastKnownFileType = file.storyboard; name = Base; path = Base.lproj/Main.storyboard; sourceTree = "<group>"; };
		04713F8F24D3315B00852758 /* Assets.xcassets */ = {isa = PBXFileReference; lastKnownFileType = folder.assetcatalog; path = Assets.xcassets; sourceTree = "<group>"; };
		04713F9224D3315B00852758 /* Base */ = {isa = PBXFileReference; lastKnownFileType = file.storyboard; name = Base; path = Base.lproj/LaunchScreen.storyboard; sourceTree = "<group>"; };
		04713F9424D3315B00852758 /* Info.plist */ = {isa = PBXFileReference; lastKnownFileType = text.plist.xml; path = Info.plist; sourceTree = "<group>"; };
		0C0EB9B1ECA041F75C0B27DC /* Pods-RazorPaymentGateway.debug.xcconfig */ = {isa = PBXFileReference; includeInIndex = 1; lastKnownFileType = text.xcconfig; name = "Pods-RazorPaymentGateway.debug.xcconfig"; path = "Target Support Files/Pods-RazorPaymentGateway/Pods-RazorPaymentGateway.debug.xcconfig"; sourceTree = "<group>"; };
		30A450C7D2C79D162CF068A1 /* Pods_RazorPaymentGateway.framework */ = {isa = PBXFileReference; explicitFileType = wrapper.framework; includeInIndex = 0; path = Pods_RazorPaymentGateway.framework; sourceTree = BUILT_PRODUCTS_DIR; };
		4556E51D08949577FC9A9CE3 /* Pods-RazorPaymentGateway.release.xcconfig */ = {isa = PBXFileReference; includeInIndex = 1; lastKnownFileType = text.xcconfig; name = "Pods-RazorPaymentGateway.release.xcconfig"; path = "Target Support Files/Pods-RazorPaymentGateway/Pods-RazorPaymentGateway.release.xcconfig"; sourceTree = "<group>"; };
/* End PBXFileReference section */

/* Begin PBXFrameworksBuildPhase section */
		04713F8024D3315600852758 /* Frameworks */ = {
			isa = PBXFrameworksBuildPhase;
			buildActionMask = 2147483647;
			files = (
				041DB510FF4E9EA1D4BBD401 /* Pods_RazorPaymentGateway.framework in Frameworks */,
			);
			runOnlyForDeploymentPostprocessing = 0;
		};
/* End PBXFrameworksBuildPhase section */

/* Begin PBXGroup section */
		04713F7A24D3315600852758 = {
			isa = PBXGroup;
			children = (
				04713F8524D3315600852758 /* RazorPaymentGateway */,
				04713F8424D3315600852758 /* Products */,
				BB77BBFDE4E45096CFAE28DA /* Pods */,
				BBA04148EBE73252A331E3CF /* Frameworks */,
			);
			sourceTree = "<group>";
		};
		04713F8424D3315600852758 /* Products */ = {
			isa = PBXGroup;
			children = (
				04713F8324D3315600852758 /* RazorPaymentGateway.app */,
			);
			name = Products;
			sourceTree = "<group>";
		};
		04713F8524D3315600852758 /* RazorPaymentGateway */ = {
			isa = PBXGroup;
			children = (
				04713F8624D3315600852758 /* AppDelegate.swift */,
				04713F8824D3315600852758 /* SceneDelegate.swift */,
				04713F8A24D3315600852758 /* ViewController.swift */,
				04713F8C24D3315600852758 /* Main.storyboard */,
				04713F8F24D3315B00852758 /* Assets.xcassets */,
				04713F9124D3315B00852758 /* LaunchScreen.storyboard */,
				04713F9424D3315B00852758 /* Info.plist */,
			);
			path = RazorPaymentGateway;
			sourceTree = "<group>";
		};
		BB77BBFDE4E45096CFAE28DA /* Pods */ = {
			isa = PBXGroup;
			children = (
				0C0EB9B1ECA041F75C0B27DC /* Pods-RazorPaymentGateway.debug.xcconfig */,
				4556E51D08949577FC9A9CE3 /* Pods-RazorPaymentGateway.release.xcconfig */,
			);
			name = Pods;
			path = Pods;
			sourceTree = "<group>";
		};
		BBA04148EBE73252A331E3CF /* Frameworks */ = {
			isa = PBXGroup;
			children = (
				30A450C7D2C79D162CF068A1 /* Pods_RazorPaymentGateway.framework */,
			);
			name = Frameworks;
			sourceTree = "<group>";
		};
/* End PBXGroup section */

/* Begin PBXNativeTarget section */
		04713F8224D3315600852758 /* RazorPaymentGateway */ = {
			isa = PBXNativeTarget;
			buildConfigurationList = 04713F9724D3315B00852758 /* Build configuration list for PBXNativeTarget "RazorPaymentGateway" */;
			buildPhases = (
				579DE645030B8856E83B2037 /* [CP] Check Pods Manifest.lock */,
				04713F7F24D3315600852758 /* Sources */,
				04713F8024D3315600852758 /* Frameworks */,
				04713F8124D3315600852758 /* Resources */,
				8AA4FCB5C49F783C07932692 /* [CP] Embed Pods Frameworks */,
			);
			buildRules = (
			);
			dependencies = (
			);
			name = RazorPaymentGateway;
			productName = RazorPaymentGateway;
			productReference = 04713F8324D3315600852758 /* RazorPaymentGateway.app */;
			productType = "com.apple.product-type.application";
		};
/* End PBXNativeTarget section */

/* Begin PBXProject section */
		04713F7B24D3315600852758 /* Project object */ = {
			isa = PBXProject;
			attributes = {
				LastSwiftUpdateCheck = 1130;
				LastUpgradeCheck = 1130;
				ORGANIZATIONNAME = "Gunde Ramakrishna Goud";
				TargetAttributes = {
					04713F8224D3315600852758 = {
						CreatedOnToolsVersion = 11.3.1;
					};
				};
			};
			buildConfigurationList = 04713F7E24D3315600852758 /* Build configuration list for PBXProject "RazorPaymentGateway" */;
			compatibilityVersion = "Xcode 9.3";
			developmentRegion = en;
			hasScannedForEncodings = 0;
			knownRegions = (
				en,
				Base,
			);
			mainGroup = 04713F7A24D3315600852758;
			productRefGroup = 04713F8424D3315600852758 /* Products */;
			projectDirPath = "";
			projectRoot = "";
			targets = (
				04713F8224D3315600852758 /* RazorPaymentGateway */,
			);
		};
/* End PBXProject section */

/* Begin PBXResourcesBuildPhase section */
		04713F8124D3315600852758 /* Resources */ = {
			isa = PBXResourcesBuildPhase;
			buildActionMask = 2147483647;
			files = (
				04713F9324D3315B00852758 /* LaunchScreen.storyboard in Resources */,
				04713F9024D3315B00852758 /* Assets.xcassets in Resources */,
				04713F8E24D3315600852758 /* Main.storyboard in Resources */,
			);
			runOnlyForDeploymentPostprocessing = 0;
		};
/* End PBXResourcesBuildPhase section */

/* Begin PBXShellScriptBuildPhase section */
		579DE645030B8856E83B2037 /* [CP] Check Pods Manifest.lock */ = {
			isa = PBXShellScriptBuildPhase;
			buildActionMask = 2147483647;
			files = (
			);
			inputFileListPaths = (
			);
			inputPaths = (
				"${PODS_PODFILE_DIR_PATH}/Podfile.lock",
				"${PODS_ROOT}/Manifest.lock",
			);
			name = "[CP] Check Pods Manifest.lock";
			outputFileListPaths = (
			);
			outputPaths = (
				"$(DERIVED_FILE_DIR)/Pods-RazorPaymentGateway-checkManifestLockResult.txt",
			);
			runOnlyForDeploymentPostprocessing = 0;
			shellPath = /bin/sh;
			shellScript = "diff \"${PODS_PODFILE_DIR_PATH}/Podfile.lock\" \"${PODS_ROOT}/Manifest.lock\" > /dev/null\nif [ $? != 0 ] ; then\n    # print error to STDERR\n    echo \"error: The sandbox is not in sync with the Podfile.lock. Run 'pod install' or update your CocoaPods installation.\" >&2\n    exit 1\nfi\n# This output is used by Xcode 'outputs' to avoid re-running this script phase.\necho \"SUCCESS\" > \"${SCRIPT_OUTPUT_FILE_0}\"\n";
			showEnvVarsInLog = 0;
		};
		8AA4FCB5C49F783C07932692 /* [CP] Embed Pods Frameworks */ = {
			isa = PBXShellScriptBuildPhase;
			buildActionMask = 2147483647;
			files = (
			);
			inputFileListPaths = (
				"${PODS_ROOT}/Target Support Files/Pods-RazorPaymentGateway/Pods-RazorPaymentGateway-frameworks-${CONFIGURATION}-input-files.xcfilelist",
			);
			name = "[CP] Embed Pods Frameworks";
			outputFileListPaths = (
				"${PODS_ROOT}/Target Support Files/Pods-RazorPaymentGateway/Pods-RazorPaymentGateway-frameworks-${CONFIGURATION}-output-files.xcfilelist",
			);
			runOnlyForDeploymentPostprocessing = 0;
			shellPath = /bin/sh;
			shellScript = "\"${PODS_ROOT}/Target Support Files/Pods-RazorPaymentGateway/Pods-RazorPaymentGateway-frameworks.sh\"\n";
			showEnvVarsInLog = 0;
		};
/* End PBXShellScriptBuildPhase section */

/* Begin PBXSourcesBuildPhase section */
		04713F7F24D3315600852758 /* Sources */ = {
			isa = PBXSourcesBuildPhase;
			buildActionMask = 2147483647;
			files = (
				04713F8B24D3315600852758 /* ViewController.swift in Sources */,
				04713F8724D3315600852758 /* AppDelegate.swift in Sources */,
				04713F8924D3315600852758 /* SceneDelegate.swift in Sources */,
			);
			runOnlyForDeploymentPostprocessing = 0;
		};
/* End PBXSourcesBuildPhase section */

/* Begin PBXVariantGroup section */
		04713F8C24D3315600852758 /* Main.storyboard */ = {
			isa = PBXVariantGroup;
			children = (
				04713F8D24D3315600852758 /* Base */,
			);
			name = Main.storyboard;
			sourceTree = "<group>";
		};
		04713F9124D3315B00852758 /* LaunchScreen.storyboard */ = {
			isa = PBXVariantGroup;
			children = (
				04713F9224D3315B00852758 /* Base */,
			);
			name = LaunchScreen.storyboard;
			sourceTree = "<group>";
		};
/* End PBXVariantGroup section */

/* Begin XCBuildConfiguration section */
		04713F9524D3315B00852758 /* Debug */ = {
			isa = XCBuildConfiguration;
			buildSettings = {
				ALWAYS_SEARCH_USER_PATHS = NO;
				CLANG_ANALYZER_NONNULL = YES;
				CLANG_ANALYZER_NUMBER_OBJECT_CONVERSION = YES_AGGRESSIVE;
				CLANG_CXX_LANGUAGE_STANDARD = "gnu++14";
				CLANG_CXX_LIBRARY = "libc++";
				CLANG_ENABLE_MODULES = YES;
				CLANG_ENABLE_OBJC_ARC = YES;
				CLANG_ENABLE_OBJC_WEAK = YES;
				CLANG_WARN_BLOCK_CAPTURE_AUTORELEASING = YES;
				CLANG_WARN_BOOL_CONVERSION = YES;
				CLANG_WARN_COMMA = YES;
				CLANG_WARN_CONSTANT_CONVERSION = YES;
				CLANG_WARN_DEPRECATED_OBJC_IMPLEMENTATIONS = YES;
				CLANG_WARN_DIRECT_OBJC_ISA_USAGE = YES_ERROR;
				CLANG_WARN_DOCUMENTATION_COMMENTS = YES;
				CLANG_WARN_EMPTY_BODY = YES;
				CLANG_WARN_ENUM_CONVERSION = YES;
				CLANG_WARN_INFINITE_RECURSION = YES;
				CLANG_WARN_INT_CONVERSION = YES;
				CLANG_WARN_NON_LITERAL_NULL_CONVERSION = YES;
				CLANG_WARN_OBJC_IMPLICIT_RETAIN_SELF = YES;
				CLANG_WARN_OBJC_LITERAL_CONVERSION = YES;
				CLANG_WARN_OBJC_ROOT_CLASS = YES_ERROR;
				CLANG_WARN_RANGE_LOOP_ANALYSIS = YES;
				CLANG_WARN_STRICT_PROTOTYPES = YES;
				CLANG_WARN_SUSPICIOUS_MOVE = YES;
				CLANG_WARN_UNGUARDED_AVAILABILITY = YES_AGGRESSIVE;
				CLANG_WARN_UNREACHABLE_CODE = YES;
				CLANG_WARN__DUPLICATE_METHOD_MATCH = YES;
				COPY_PHASE_STRIP = NO;
				DEBUG_INFORMATION_FORMAT = dwarf;
				ENABLE_STRICT_OBJC_MSGSEND = YES;
				ENABLE_TESTABILITY = YES;
				GCC_C_LANGUAGE_STANDARD = gnu11;
				GCC_DYNAMIC_NO_PIC = NO;
				GCC_NO_COMMON_BLOCKS = YES;
				GCC_OPTIMIZATION_LEVEL = 0;
				GCC_PREPROCESSOR_DEFINITIONS = (
					"DEBUG=1",
					"$(inherited)",
				);
				GCC_WARN_64_TO_32_BIT_CONVERSION = YES;
				GCC_WARN_ABOUT_RETURN_TYPE = YES_ERROR;
				GCC_WARN_UNDECLARED_SELECTOR = YES;
				GCC_WARN_UNINITIALIZED_AUTOS = YES_AGGRESSIVE;
				GCC_WARN_UNUSED_FUNCTION = YES;
				GCC_WARN_UNUSED_VARIABLE = YES;
				IPHONEOS_DEPLOYMENT_TARGET = 13.2;
				MTL_ENABLE_DEBUG_INFO = INCLUDE_SOURCE;
				MTL_FAST_MATH = YES;
				ONLY_ACTIVE_ARCH = YES;
				SDKROOT = iphoneos;
				SWIFT_ACTIVE_COMPILATION_CONDITIONS = DEBUG;
				SWIFT_OPTIMIZATION_LEVEL = "-Onone";
			};
			name = Debug;
		};
		04713F9624D3315B00852758 /* Release */ = {
			isa = XCBuildConfiguration;
			buildSettings = {
				ALWAYS_SEARCH_USER_PATHS = NO;
				CLANG_ANALYZER_NONNULL = YES;
				CLANG_ANALYZER_NUMBER_OBJECT_CONVERSION = YES_AGGRESSIVE;
				CLANG_CXX_LANGUAGE_STANDARD = "gnu++14";
				CLANG_CXX_LIBRARY = "libc++";
				CLANG_ENABLE_MODULES = YES;
				CLANG_ENABLE_OBJC_ARC = YES;
				CLANG_ENABLE_OBJC_WEAK = YES;
				CLANG_WARN_BLOCK_CAPTURE_AUTORELEASING = YES;
				CLANG_WARN_BOOL_CONVERSION = YES;
				CLANG_WARN_COMMA = YES;
				CLANG_WARN_CONSTANT_CONVERSION = YES;
				CLANG_WARN_DEPRECATED_OBJC_IMPLEMENTATIONS = YES;
				CLANG_WARN_DIRECT_OBJC_ISA_USAGE = YES_ERROR;
				CLANG_WARN_DOCUMENTATION_COMMENTS = YES;
				CLANG_WARN_EMPTY_BODY = YES;
				CLANG_WARN_ENUM_CONVERSION = YES;
				CLANG_WARN_INFINITE_RECURSION = YES;
				CLANG_WARN_INT_CONVERSION = YES;
				CLANG_WARN_NON_LITERAL_NULL_CONVERSION = YES;
				CLANG_WARN_OBJC_IMPLICIT_RETAIN_SELF = YES;
				CLANG_WARN_OBJC_LITERAL_CONVERSION = YES;
				CLANG_WARN_OBJC_ROOT_CLASS = YES_ERROR;
				CLANG_WARN_RANGE_LOOP_ANALYSIS = YES;
				CLANG_WARN_STRICT_PROTOTYPES = YES;
				CLANG_WARN_SUSPICIOUS_MOVE = YES;
				CLANG_WARN_UNGUARDED_AVAILABILITY = YES_AGGRESSIVE;
				CLANG_WARN_UNREACHABLE_CODE = YES;
				CLANG_WARN__DUPLICATE_METHOD_MATCH = YES;
				COPY_PHASE_STRIP = NO;
				DEBUG_INFORMATION_FORMAT = "dwarf-with-dsym";
				ENABLE_NS_ASSERTIONS = NO;
				ENABLE_STRICT_OBJC_MSGSEND = YES;
				GCC_C_LANGUAGE_STANDARD = gnu11;
				GCC_NO_COMMON_BLOCKS = YES;
				GCC_WARN_64_TO_32_BIT_CONVERSION = YES;
				GCC_WARN_ABOUT_RETURN_TYPE = YES_ERROR;
				GCC_WARN_UNDECLARED_SELECTOR = YES;
				GCC_WARN_UNINITIALIZED_AUTOS = YES_AGGRESSIVE;
				GCC_WARN_UNUSED_FUNCTION = YES;
				GCC_WARN_UNUSED_VARIABLE = YES;
				IPHONEOS_DEPLOYMENT_TARGET = 13.2;
				MTL_ENABLE_DEBUG_INFO = NO;
				MTL_FAST_MATH = YES;
				SDKROOT = iphoneos;
				SWIFT_COMPILATION_MODE = wholemodule;
				SWIFT_OPTIMIZATION_LEVEL = "-O";
				VALIDATE_PRODUCT = YES;
			};
			name = Release;
		};
		04713F9824D3315B00852758 /* Debug */ = {
			isa = XCBuildConfiguration;
			baseConfigurationReference = 0C0EB9B1ECA041F75C0B27DC /* Pods-RazorPaymentGateway.debug.xcconfig */;
			buildSettings = {
				ASSETCATALOG_COMPILER_APPICON_NAME = AppIcon;
				CODE_SIGN_STYLE = Automatic;
				INFOPLIST_FILE = RazorPaymentGateway/Info.plist;
				LD_RUNPATH_SEARCH_PATHS = (
					"$(inherited)",
					"@executable_path/Frameworks",
				);
				PRODUCT_BUNDLE_IDENTIFIER = com.rama.RazorPaymentGateway;
				PRODUCT_NAME = "$(TARGET_NAME)";
				SWIFT_VERSION = 5.0;
				TARGETED_DEVICE_FAMILY = "1,2";
			};
			name = Debug;
		};
		04713F9924D3315B00852758 /* Release */ = {
			isa = XCBuildConfiguration;
			baseConfigurationReference = 4556E51D08949577FC9A9CE3 /* Pods-RazorPaymentGateway.release.xcconfig */;
			buildSettings = {
				ASSETCATALOG_COMPILER_APPICON_NAME = AppIcon;
				CODE_SIGN_STYLE = Automatic;
				INFOPLIST_FILE = RazorPaymentGateway/Info.plist;
				LD_RUNPATH_SEARCH_PATHS = (
					"$(inherited)",
					"@executable_path/Frameworks",
				);
				PRODUCT_BUNDLE_IDENTIFIER = com.rama.RazorPaymentGateway;
				PRODUCT_NAME = "$(TARGET_NAME)";
				SWIFT_VERSION = 5.0;
				TARGETED_DEVICE_FAMILY = "1,2";
			};
			name = Release;
		};
/* End XCBuildConfiguration section */

/* Begin XCConfigurationList section */
		04713F7E24D3315600852758 /* Build configuration list for PBXProject "RazorPaymentGateway" */ = {
			isa = XCConfigurationList;
			buildConfigurations = (
				04713F9524D3315B00852758 /* Debug */,
				04713F9624D3315B00852758 /* Release */,
			);
			defaultConfigurationIsVisible = 0;
			defaultConfigurationName = Release;
		};
		04713F9724D3315B00852758 /* Build configuration list for PBXNativeTarget "RazorPaymentGateway" */ = {
			isa = XCConfigurationList;
			buildConfigurations = (
				04713F9824D3315B00852758 /* Debug */,
				04713F9924D3315B00852758 /* Release */,
			);
			defaultConfigurationIsVisible = 0;
			defaultConfigurationName = Release;
		};
/* End XCConfigurationList section */
	};
	rootObject = 04713F7B24D3315600852758 /* Project object */;
}
